
Microsoft Visual Studio Solution File, Format Version 12.00
# Visual Studio Version 17
VisualStudioVersion = 17.9.34622.214
MinimumVisualStudioVersion = 10.0.40219.1
Project("{9A19103F-16F7-4668-BE54-9A1E7A4F7556}") = "Atividade_API", "ExercícioAPI1\Atividade_API.csproj", "{07EED71E-37B0-4F20-9805-854C2C16D9CD}"
EndProject
Global
	GlobalSection(SolutionConfigurationPlatforms) = preSolution
		Debug|Any CPU = Debug|Any CPU
		Release|Any CPU = Release|Any CPU
	EndGlobalSection
	GlobalSection(ProjectConfigurationPlatforms) = postSolution
		{07EED71E-37B0-4F20-9805-854C2C16D9CD}.Debug|Any CPU.ActiveCfg = Debug|Any CPU
		{07EED71E-37B0-4F20-9805-854C2C16D9CD}.Debug|Any CPU.Build.0 = Debug|Any CPU
		{07EED71E-37B0-4F20-9805-854C2C16D9CD}.Release|Any CPU.ActiveCfg = Release|Any CPU
		{07EED71E-37B0-4F20-9805-854C2C16D9CD}.Release|Any CPU.Build.0 = Release|Any CPU
	EndGlobalSection
	GlobalSection(SolutionProperties) = preSolution
		HideSolutionNode = FALSE
	EndGlobalSection
	GlobalSection(ExtensibilityGlobals) = postSolution
		SolutionGuid = {76B16586-7E70-42EA-A110-4E73B665ED7E}
	EndGlobalSection
EndGlobal
